<?xml version="1.0" encoding="utf-8"?>
<Project ToolsVersion="17.0" xmlns="http://schemas.microsoft.com/developer/msbuild/2003">
  <ItemGroup>
    <ClCompile Include="C:\Users\ferna\Documents\psmoveapi\external\hidapi\windows\hid.c">
      <Filter>Source Files</Filter>
    </ClCompile>
    <ClCompile Include="C:\Users\ferna\Documents\psmoveapi\src\psmove.c">
      <Filter>Source Files</Filter>
    </ClCompile>
    <ClCompile Include="C:\Users\ferna\Documents\psmoveapi\src\psmove_calibration.c">
      <Filter>Source Files</Filter>
    </ClCompile>
    <ClCompile Include="C:\Users\ferna\Documents\psmoveapi\src\psmove_orientation.cpp">
      <Filter>Source Files</Filter>
    </ClCompile>
    <ClCompile Include="C:\Users\ferna\Documents\psmoveapi\src\psmoveapi.cpp">
      <Filter>Source Files</Filter>
    </ClCompile>
    <ClCompile Include="C:\Users\ferna\Documents\psmoveapi\src\daemon\moved_client.cpp">
      <Filter>Source Files\daemon</Filter>
    </ClCompile>
    <ClCompile Include="C:\Users\ferna\Documents\psmoveapi\src\platform\psmove_port_windows.c">
      <Filter>Source Files</Filter>
    </ClCompile>
    <ClCompile Include="C:\Users\ferna\Documents\psmoveapi\src\math\psmove_alignment.cpp">
      <Filter>Source Files\math</Filter>
    </ClCompile>
    <ClCompile Include="C:\Users\ferna\Documents\psmoveapi\src\math\psmove_math.c">
      <Filter>Source Files\math</Filter>
    </ClCompile>
    <ClCompile Include="C:\Users\ferna\Documents\psmoveapi\src\math\psmove_quaternion.cpp">
      <Filter>Source Files\math</Filter>
    </ClCompile>
    <ClCompile Include="C:\Users\ferna\Documents\psmoveapi\src\math\psmove_vector.c">
      <Filter>Source Files\math</Filter>
    </ClCompile>
  </ItemGroup>
  <ItemGroup>
    <ClInclude Include="C:\Users\ferna\Documents\psmoveapi\src\psmove_calibration.h">
      <Filter>Header Files</Filter>
    </ClInclude>
    <ClInclude Include="C:\Users\ferna\Documents\psmoveapi\src\psmove_format.h">
      <Filter>Header Files</Filter>
    </ClInclude>
    <ClInclude Include="C:\Users\ferna\Documents\psmoveapi\src\psmove_orientation.h">
      <Filter>Header Files</Filter>
    </ClInclude>
    <ClInclude Include="C:\Users\ferna\Documents\psmoveapi\src\psmove_port.h">
      <Filter>Header Files</Filter>
    </ClInclude>
    <ClInclude Include="C:\Users\ferna\Documents\psmoveapi\src\psmove_private.h">
      <Filter>Header Files</Filter>
    </ClInclude>
    <ClInclude Include="C:\Users\ferna\Documents\psmoveapi\src\psmove_sockets.h">
      <Filter>Header Files</Filter>
    </ClInclude>
    <ClInclude Include="C:\Users\ferna\Documents\psmoveapi\src\daemon\moved_client.h">
      <Filter>Header Files\daemon</Filter>
    </ClInclude>
    <ClInclude Include="C:\Users\ferna\Documents\psmoveapi\src\daemon\moved_monitor.h">
      <Filter>Header Files\daemon</Filter>
    </ClInclude>
    <ClInclude Include="C:\Users\ferna\Documents\psmoveapi\src\daemon\psmove_moved_protocol.h">
      <Filter>Header Files\daemon</Filter>
    </ClInclude>
    <ClInclude Include="C:\Users\ferna\Documents\psmoveapi\src\math\psmove_alignment.hpp">
      <Filter>Header Files\math</Filter>
    </ClInclude>
    <ClInclude Include="C:\Users\ferna\Documents\psmoveapi\src\math\psmove_glm_math.hpp">
      <Filter>Header Files\math</Filter>
    </ClInclude>
    <ClInclude Include="C:\Users\ferna\Documents\psmoveapi\src\math\psmove_math.h">
      <Filter>Header Files\math</Filter>
    </ClInclude>
    <ClInclude Include="C:\Users\ferna\Documents\psmoveapi\src\math\psmove_quaternion.hpp">
      <Filter>Header Files\math</Filter>
    </ClInclude>
    <ClInclude Include="C:\Users\ferna\Documents\psmoveapi\src\math\psmove_vector.h">
      <Filter>Header Files\math</Filter>
    </ClInclude>
  </ItemGroup>
  <ItemGroup>
    <CustomBuild Include="C:\Users\ferna\Documents\psmoveapi\CMakeLists.txt" />
  </ItemGroup>
  <ItemGroup>
    <Filter Include="Header Files">
      <UniqueIdentifier>{1CB09FE7-B261-3C40-A800-A5CD12FED454}</UniqueIdentifier>
    </Filter>
    <Filter Include="Header Files\daemon">
      <UniqueIdentifier>{E82885EB-743B-3734-812F-F8BDDDC9FB0E}</UniqueIdentifier>
    </Filter>
    <Filter Include="Header Files\math">
      <UniqueIdentifier>{978A5BD9-39E4-3F74-BF96-D47722FC4DC2}</UniqueIdentifier>
    </Filter>
    <Filter Include="Source Files">
      <UniqueIdentifier>{EB6074A5-38EA-36C2-9986-393F61880056}</UniqueIdentifier>
    </Filter>
    <Filter Include="Source Files\daemon">
      <UniqueIdentifier>{0D29A13E-A671-38C6-9488-75EC7CDBBFE7}</UniqueIdentifier>
    </Filter>
    <Filter Include="Source Files\math">
      <UniqueIdentifier>{7FCCEDE8-2325-3F3E-AEC4-4DA497D626C2}</UniqueIdentifier>
    </Filter>
  </ItemGroup>
</Project>
