<?xml version="1.0" encoding="utf-8"?>
<Project ToolsVersion="17.0" xmlns="http://schemas.microsoft.com/developer/msbuild/2003">
  <ItemGroup>
    <ClCompile Include="C:\Users\ferna\Documents\psmoveapi\src\tracker\psmove_tracker_hue_calibration.cpp">
      <Filter>Source Files</Filter>
    </ClCompile>
    <ClCompile Include="C:\Users\ferna\Documents\psmoveapi\src\tracker\psmove_tracker.cpp">
      <Filter>Source Files</Filter>
    </ClCompile>
    <ClCompile Include="C:\Users\ferna\Documents\psmoveapi\src\tracker\psmove_fusion.cpp">
      <Filter>Source Files</Filter>
    </ClCompile>
    <ClCompile Include="C:\Users\ferna\Documents\psmoveapi\src\tracker\tracker_helpers.cpp">
      <Filter>Source Files</Filter>
    </ClCompile>
    <ClCompile Include="C:\Users\ferna\Documents\psmoveapi\src\tracker\camera_control.cpp">
      <Filter>Source Files</Filter>
    </ClCompile>
    <ClCompile Include="C:\Users\ferna\Documents\psmoveapi\src\tracker\camera_control_driver.cpp">
      <Filter>Source Files</Filter>
    </ClCompile>
    <ClCompile Include="C:\Users\ferna\Documents\psmoveapi\src\tracker\camera_control_layouts.cpp">
      <Filter>Source Files</Filter>
    </ClCompile>
    <ClCompile Include="C:\Users\ferna\Documents\psmoveapi\external\PS3EYEDriver\src\ps3eye.cpp">
      <Filter>Source Files\PS3EyeDriver</Filter>
    </ClCompile>
    <ClCompile Include="C:\Users\ferna\Documents\psmoveapi\external\PS3EYEDriver\src\ps3eye_capi.cpp">
      <Filter>Source Files\PS3EyeDriver</Filter>
    </ClCompile>
    <ClCompile Include="C:\Users\ferna\Documents\psmoveapi\src\tracker\camera_control_driver_ps3eyedriver.cpp">
      <Filter>Source Files</Filter>
    </ClCompile>
  </ItemGroup>
  <ItemGroup>
    <ClInclude Include="C:\Users\ferna\Documents\psmoveapi\src\tracker\tracker_helpers.h">
      <Filter>Header Files</Filter>
    </ClInclude>
    <ClInclude Include="C:\Users\ferna\Documents\psmoveapi\src\tracker\camera_control.h">
      <Filter>Header Files</Filter>
    </ClInclude>
    <ClInclude Include="C:\Users\ferna\Documents\psmoveapi\src\tracker\camera_control_driver.h">
      <Filter>Header Files</Filter>
    </ClInclude>
    <ClInclude Include="C:\Users\ferna\Documents\psmoveapi\src\tracker\camera_control_layouts.h">
      <Filter>Header Files</Filter>
    </ClInclude>
    <ClInclude Include="C:\Users\ferna\Documents\psmoveapi\include\psmove_fusion.h">
      <Filter>Header Files</Filter>
    </ClInclude>
    <ClInclude Include="C:\Users\ferna\Documents\psmoveapi\include\psmove_tracker.h">
      <Filter>Header Files</Filter>
    </ClInclude>
    <ClInclude Include="C:\Users\ferna\Documents\psmoveapi\include\psmove_tracker_opencv.h">
      <Filter>Header Files</Filter>
    </ClInclude>
    <ClInclude Include="C:\Users\ferna\Documents\psmoveapi\external\PS3EYEDriver\src\ps3eye.h">
      <Filter>Header Files\PS3EyeDriver</Filter>
    </ClInclude>
    <ClInclude Include="C:\Users\ferna\Documents\psmoveapi\external\PS3EYEDriver\src\ps3eye_capi.h">
      <Filter>Header Files\PS3EyeDriver</Filter>
    </ClInclude>
  </ItemGroup>
  <ItemGroup>
    <CustomBuild Include="C:\Users\ferna\Documents\psmoveapi\CMakeLists.txt" />
  </ItemGroup>
  <ItemGroup>
    <Filter Include="Header Files">
      <UniqueIdentifier>{1CB09FE7-B261-3C40-A800-A5CD12FED454}</UniqueIdentifier>
    </Filter>
    <Filter Include="Header Files\PS3EyeDriver">
      <UniqueIdentifier>{F1095781-84E4-31D7-A7C1-9A5F8C1182EA}</UniqueIdentifier>
    </Filter>
    <Filter Include="Source Files">
      <UniqueIdentifier>{EB6074A5-38EA-36C2-9986-393F61880056}</UniqueIdentifier>
    </Filter>
    <Filter Include="Source Files\PS3EyeDriver">
      <UniqueIdentifier>{0D8F4B27-0ECA-364C-9B0D-52A8DFA85FEF}</UniqueIdentifier>
    </Filter>
  </ItemGroup>
</Project>
